
Microsoft Visual Studio Solution File, Format Version 12.00
# Visual Studio Version 16
VisualStudioVersion = 16.0.29020.237
MinimumVisualStudioVersion = 10.0.40219.1
Project("{FAE04EC0-301F-11D3-BF4B-00C04F79EFBC}") = "LawOffice-Seven", "LawOffice-Seven\LawOffice-Seven.csproj", "{EFB731CE-1F5E-4594-96D0-2BE14E49D44C}"
EndProject
Global
	GlobalSection(SolutionConfigurationPlatforms) = preSolution
		Debug|Any CPU = Debug|Any CPU
		Release|Any CPU = Release|Any CPU
	EndGlobalSection
	GlobalSection(ProjectConfigurationPlatforms) = postSolution
		{EFB731CE-1F5E-4594-96D0-2BE14E49D44C}.Debug|Any CPU.ActiveCfg = Debug|Any CPU
		{EFB731CE-1F5E-4594-96D0-2BE14E49D44C}.Debug|Any CPU.Build.0 = Debug|Any CPU
		{EFB731CE-1F5E-4594-96D0-2BE14E49D44C}.Release|Any CPU.ActiveCfg = Release|Any CPU
		{EFB731CE-1F5E-4594-96D0-2BE14E49D44C}.Release|Any CPU.Build.0 = Release|Any CPU
	EndGlobalSection
	GlobalSection(SolutionProperties) = preSolution
		HideSolutionNode = FALSE
	EndGlobalSection
	GlobalSection(ExtensibilityGlobals) = postSolution
		SolutionGuid = {AB5E1E69-8DE3-4147-90DF-EDE08A0756CC}
	EndGlobalSection
EndGlobal
